
Microsoft Visual Studio Solution File, Format Version 12.00
# Visual Studio Version 17
VisualStudioVersion = 17.7.34202.233
MinimumVisualStudioVersion = 10.0.40219.1
Project("{FAE04EC0-301F-11D3-BF4B-00C04F79EFBC}") = "AddUser_UP", "WpfApp4\AddUser_UP.csproj", "{2CE2DD30-F71D-4165-9EF2-9E9BAC9A584F}"
EndProject
Global
	GlobalSection(SolutionConfigurationPlatforms) = preSolution
		Debug|Any CPU = Debug|Any CPU
		Release|Any CPU = Release|Any CPU
	EndGlobalSection
	GlobalSection(ProjectConfigurationPlatforms) = postSolution
		{2CE2DD30-F71D-4165-9EF2-9E9BAC9A584F}.Debug|Any CPU.ActiveCfg = Debug|Any CPU
		{2CE2DD30-F71D-4165-9EF2-9E9BAC9A584F}.Debug|Any CPU.Build.0 = Debug|Any CPU
		{2CE2DD30-F71D-4165-9EF2-9E9BAC9A584F}.Release|Any CPU.ActiveCfg = Release|Any CPU
		{2CE2DD30-F71D-4165-9EF2-9E9BAC9A584F}.Release|Any CPU.Build.0 = Release|Any CPU
	EndGlobalSection
	GlobalSection(SolutionProperties) = preSolution
		HideSolutionNode = FALSE
	EndGlobalSection
	GlobalSection(ExtensibilityGlobals) = postSolution
		SolutionGuid = {CF8DAFDD-87F2-486C-9E05-D43C469CC487}
	EndGlobalSection
EndGlobal
